PODS:
  - Masonry (0.6.3)
  - MJRefresh (2.4.12)
  - SWTableViewCell (0.3.7)

DEPENDENCIES:
  - Masonry
  - MJRefresh
  - SWTableViewCell

SPEC CHECKSUMS:
  Masonry: ff105a956abcd19a618b2028b121cb638d7a8e2f
  MJRefresh: ca8e9589895977df32d379d46e6b8a5450b3ff44
  SWTableViewCell: 2a94aadc9d47b2b611fa064566bf57948b95b579

COCOAPODS: 0.39.0
